
Microsoft Visual Studio Solution File, Format Version 12.00
# Visual Studio Version 16
VisualStudioVersion = 16.0.31205.134
MinimumVisualStudioVersion = 10.0.40219.1
Project("{FAE04EC0-301F-11D3-BF4B-00C04F79EFBC}") = "RPGcharacters.Android", "RPGcharacters\RPGcharacters.Android\RPGcharacters.Android.csproj", "{488A115E-E13C-4EB2-A623-25A9E35D189E}"
EndProject
Project("{FAE04EC0-301F-11D3-BF4B-00C04F79EFBC}") = "RPGcharacters.iOS", "RPGcharacters\RPGcharacters.iOS\RPGcharacters.iOS.csproj", "{F125F7B0-ED69-4426-B077-1D4B5601BCEB}"
EndProject
Project("{FAE04EC0-301F-11D3-BF4B-00C04F79EFBC}") = "RPGcharacters", "RPGcharacters\RPGcharacters\RPGcharacters.csproj", "{EABE6D0C-BFC3-4CD2-A0A4-916142C2BB07}"
EndProject
Global
	GlobalSection(SolutionConfigurationPlatforms) = preSolution
		Debug|Any CPU = Debug|Any CPU
		Debug|iPhone = Debug|iPhone
		Debug|iPhoneSimulator = Debug|iPhoneSimulator
		Release|Any CPU = Release|Any CPU
		Release|iPhone = Release|iPhone
		Release|iPhoneSimulator = Release|iPhoneSimulator
	EndGlobalSection
	GlobalSection(ProjectConfigurationPlatforms) = postSolution
		{488A115E-E13C-4EB2-A623-25A9E35D189E}.Debug|Any CPU.ActiveCfg = Debug|Any CPU
		{488A115E-E13C-4EB2-A623-25A9E35D189E}.Debug|Any CPU.Build.0 = Debug|Any CPU
		{488A115E-E13C-4EB2-A623-25A9E35D189E}.Debug|Any CPU.Deploy.0 = Debug|Any CPU
		{488A115E-E13C-4EB2-A623-25A9E35D189E}.Debug|iPhone.ActiveCfg = Debug|Any CPU
		{488A115E-E13C-4EB2-A623-25A9E35D189E}.Debug|iPhone.Build.0 = Debug|Any CPU
		{488A115E-E13C-4EB2-A623-25A9E35D189E}.Debug|iPhone.Deploy.0 = Debug|Any CPU
		{488A115E-E13C-4EB2-A623-25A9E35D189E}.Debug|iPhoneSimulator.ActiveCfg = Debug|Any CPU
		{488A115E-E13C-4EB2-A623-25A9E35D189E}.Debug|iPhoneSimulator.Build.0 = Debug|Any CPU
		{488A115E-E13C-4EB2-A623-25A9E35D189E}.Debug|iPhoneSimulator.Deploy.0 = Debug|Any CPU
		{488A115E-E13C-4EB2-A623-25A9E35D189E}.Release|Any CPU.ActiveCfg = Release|Any CPU
		{488A115E-E13C-4EB2-A623-25A9E35D189E}.Release|Any CPU.Build.0 = Release|Any CPU
		{488A115E-E13C-4EB2-A623-25A9E35D189E}.Release|Any CPU.Deploy.0 = Release|Any CPU
		{488A115E-E13C-4EB2-A623-25A9E35D189E}.Release|iPhone.ActiveCfg = Release|Any CPU
		{488A115E-E13C-4EB2-A623-25A9E35D189E}.Release|iPhone.Build.0 = Release|Any CPU
		{488A115E-E13C-4EB2-A623-25A9E35D189E}.Release|iPhone.Deploy.0 = Release|Any CPU
		{488A115E-E13C-4EB2-A623-25A9E35D189E}.Release|iPhoneSimulator.ActiveCfg = Release|Any CPU
		{488A115E-E13C-4EB2-A623-25A9E35D189E}.Release|iPhoneSimulator.Build.0 = Release|Any CPU
		{488A115E-E13C-4EB2-A623-25A9E35D189E}.Release|iPhoneSimulator.Deploy.0 = Release|Any CPU
		{F125F7B0-ED69-4426-B077-1D4B5601BCEB}.Debug|Any CPU.ActiveCfg = Debug|iPhone
		{F125F7B0-ED69-4426-B077-1D4B5601BCEB}.Debug|Any CPU.Build.0 = Debug|iPhone
		{F125F7B0-ED69-4426-B077-1D4B5601BCEB}.Debug|Any CPU.Deploy.0 = Debug|iPhone
		{F125F7B0-ED69-4426-B077-1D4B5601BCEB}.Debug|iPhone.ActiveCfg = Debug|iPhone
		{F125F7B0-ED69-4426-B077-1D4B5601BCEB}.Debug|iPhone.Build.0 = Debug|iPhone
		{F125F7B0-ED69-4426-B077-1D4B5601BCEB}.Debug|iPhone.Deploy.0 = Debug|iPhone
		{F125F7B0-ED69-4426-B077-1D4B5601BCEB}.Debug|iPhoneSimulator.ActiveCfg = Debug|iPhoneSimulator
		{F125F7B0-ED69-4426-B077-1D4B5601BCEB}.Debug|iPhoneSimulator.Build.0 = Debug|iPhoneSimulator
		{F125F7B0-ED69-4426-B077-1D4B5601BCEB}.Debug|iPhoneSimulator.Deploy.0 = Debug|iPhoneSimulator
		{F125F7B0-ED69-4426-B077-1D4B5601BCEB}.Release|Any CPU.ActiveCfg = Release|iPhoneSimulator
		{F125F7B0-ED69-4426-B077-1D4B5601BCEB}.Release|Any CPU.Build.0 = Release|iPhoneSimulator
		{F125F7B0-ED69-4426-B077-1D4B5601BCEB}.Release|Any CPU.Deploy.0 = Release|iPhoneSimulator
		{F125F7B0-ED69-4426-B077-1D4B5601BCEB}.Release|iPhone.ActiveCfg = Release|iPhone
		{F125F7B0-ED69-4426-B077-1D4B5601BCEB}.Release|iPhone.Build.0 = Release|iPhone
		{F125F7B0-ED69-4426-B077-1D4B5601BCEB}.Release|iPhone.Deploy.0 = Release|iPhone
		{F125F7B0-ED69-4426-B077-1D4B5601BCEB}.Release|iPhoneSimulator.ActiveCfg = Release|iPhoneSimulator
		{F125F7B0-ED69-4426-B077-1D4B5601BCEB}.Release|iPhoneSimulator.Build.0 = Release|iPhoneSimulator
		{F125F7B0-ED69-4426-B077-1D4B5601BCEB}.Release|iPhoneSimulator.Deploy.0 = Release|iPhoneSimulator
		{EABE6D0C-BFC3-4CD2-A0A4-916142C2BB07}.Debug|Any CPU.ActiveCfg = Debug|Any CPU
		{EABE6D0C-BFC3-4CD2-A0A4-916142C2BB07}.Debug|Any CPU.Build.0 = Debug|Any CPU
		{EABE6D0C-BFC3-4CD2-A0A4-916142C2BB07}.Debug|Any CPU.Deploy.0 = Debug|Any CPU
		{EABE6D0C-BFC3-4CD2-A0A4-916142C2BB07}.Debug|iPhone.ActiveCfg = Debug|Any CPU
		{EABE6D0C-BFC3-4CD2-A0A4-916142C2BB07}.Debug|iPhone.Build.0 = Debug|Any CPU
		{EABE6D0C-BFC3-4CD2-A0A4-916142C2BB07}.Debug|iPhone.Deploy.0 = Debug|Any CPU
		{EABE6D0C-BFC3-4CD2-A0A4-916142C2BB07}.Debug|iPhoneSimulator.ActiveCfg = Debug|Any CPU
		{EABE6D0C-BFC3-4CD2-A0A4-916142C2BB07}.Debug|iPhoneSimulator.Build.0 = Debug|Any CPU
		{EABE6D0C-BFC3-4CD2-A0A4-916142C2BB07}.Debug|iPhoneSimulator.Deploy.0 = Debug|Any CPU
		{EABE6D0C-BFC3-4CD2-A0A4-916142C2BB07}.Release|Any CPU.ActiveCfg = Release|Any CPU
		{EABE6D0C-BFC3-4CD2-A0A4-916142C2BB07}.Release|Any CPU.Build.0 = Release|Any CPU
		{EABE6D0C-BFC3-4CD2-A0A4-916142C2BB07}.Release|Any CPU.Deploy.0 = Release|Any CPU
		{EABE6D0C-BFC3-4CD2-A0A4-916142C2BB07}.Release|iPhone.ActiveCfg = Release|Any CPU
		{EABE6D0C-BFC3-4CD2-A0A4-916142C2BB07}.Release|iPhone.Build.0 = Release|Any CPU
		{EABE6D0C-BFC3-4CD2-A0A4-916142C2BB07}.Release|iPhone.Deploy.0 = Release|Any CPU
		{EABE6D0C-BFC3-4CD2-A0A4-916142C2BB07}.Release|iPhoneSimulator.ActiveCfg = Release|Any CPU
		{EABE6D0C-BFC3-4CD2-A0A4-916142C2BB07}.Release|iPhoneSimulator.Build.0 = Release|Any CPU
		{EABE6D0C-BFC3-4CD2-A0A4-916142C2BB07}.Release|iPhoneSimulator.Deploy.0 = Release|Any CPU
	EndGlobalSection
	GlobalSection(SolutionProperties) = preSolution
		HideSolutionNode = FALSE
	EndGlobalSection
	GlobalSection(ExtensibilityGlobals) = postSolution
		SolutionGuid = {2C1D329F-8232-4B14-BF0D-77490A2AB309}
	EndGlobalSection
EndGlobal
